github.com/gorilla/websocket v1.5.3 h1:saDtZ6Pbx/0u+bgYQ3q96pZgCzfhKXGPqt7kZ72aNNg=
github.com/gorilla/websocket v1.5.3/go.mod h1:YR8l580nyteQvAITg2hZ9XVh4b55+EU/adAjf1fMHhE=
github.com/joho/godotenv v1.5.1 h1:7eLL/+HRGLY0ldzfGMeQkb7vMd0as4CfYvUVzLqw0N0=
github.com/joho/godotenv v1.5.1/go.mod h1:f4LDr5Voq0i2e/R5DDNOoa2zzDfwtkZa6DnEwAbqwq4=
godiscord.foo.ng/lib v0.0.0-20250527094122-0c0fcf28acb0 h1:R4iXnCxqD3FcaTnxqTwRgNV1/4vWZUA6ue24KANLzAE=
godiscord.foo.ng/lib v0.0.0-20250527094122-0c0fcf28acb0/go.mod h1:GXwIzi9ylzj9slgFD6bR2khH3+GMNm55eG9bdK1y4cE=
