github.com/gorilla/websocket v1.5.3 h1:saDtZ6Pbx/0u+bgYQ3q96pZgCzfhKXGPqt7kZ72aNNg=
github.com/gorilla/websocket v1.5.3/go.mod h1:YR8l580nyteQvAITg2hZ9XVh4b55+EU/adAjf1fMHhE=
github.com/joho/godotenv v1.5.1 h1:7eLL/+HRGLY0ldzfGMeQkb7vMd0as4CfYvUVzLqw0N0=
github.com/joho/godotenv v1.5.1/go.mod h1:f4LDr5Voq0i2e/R5DDNOoa2zzDfwtkZa6DnEwAbqwq4=
godiscord.foo.ng/lib v0.0.0-20250527153144-f4920b521f28 h1:kSYE9jeOy4lcip535iKL6IPhwuxq7Bfyxumol884bAI=
godiscord.foo.ng/lib v0.0.0-20250527153144-f4920b521f28/go.mod h1:GXwIzi9ylzj9slgFD6bR2khH3+GMNm55eG9bdK1y4cE=
godiscord.foo.ng/lib v0.0.0-20250527154404-3a3700abf67e h1:dEC1PR1/6gArIhjapHh5zJspgUQ16lBFsB6mLOd2CPE=
godiscord.foo.ng/lib v0.0.0-20250527154404-3a3700abf67e/go.mod h1:GXwIzi9ylzj9slgFD6bR2khH3+GMNm55eG9bdK1y4cE=
godiscord.foo.ng/lib v0.0.0-20250527155414-79afc0b42083 h1:+5CBKtCaHXZFksunvqKgPh1tQplKZ4Kq1QGfxQ5NRlI=
godiscord.foo.ng/lib v0.0.0-20250527155414-79afc0b42083/go.mod h1:GXwIzi9ylzj9slgFD6bR2khH3+GMNm55eG9bdK1y4cE=
godiscord.foo.ng/lib v0.0.0-20250528205228-f3e0e2cf352b h1:0zRshEa+yuDb0a2jA/Y+fMIBTh5NcJxPIok5W5vFOfY=
godiscord.foo.ng/lib v0.0.0-20250528205228-f3e0e2cf352b/go.mod h1:GXwIzi9ylzj9slgFD6bR2khH3+GMNm55eG9bdK1y4cE=
godiscord.foo.ng/lib v0.0.0-20250528205837-bedcb98cbf6e h1:7gXQLrDPvpugZ59n8gu5efsAkHEejH01yHPZzFQE3q8=
godiscord.foo.ng/lib v0.0.0-20250528205837-bedcb98cbf6e/go.mod h1:GXwIzi9ylzj9slgFD6bR2khH3+GMNm55eG9bdK1y4cE=
godiscord.foo.ng/lib v0.0.0-20250528210245-4217c30fa638 h1:1JsX+2teaKrRA4Oh6nAxMuE3M4MW0km3nnjL0+M3/AI=
godiscord.foo.ng/lib v0.0.0-20250528210245-4217c30fa638/go.mod h1:GXwIzi9ylzj9slgFD6bR2khH3+GMNm55eG9bdK1y4cE=
godiscord.foo.ng/lib v0.0.0-20250528211306-72db5e1fae89 h1:Orf7d1Mc0OkVFzm78TlCz5R3RaaFfdJzQBcUkRqUOX8=
godiscord.foo.ng/lib v0.0.0-20250528211306-72db5e1fae89/go.mod h1:GXwIzi9ylzj9slgFD6bR2khH3+GMNm55eG9bdK1y4cE=
godiscord.foo.ng/lib v0.0.0-20250529140027-381a9995cc1e h1:lGY7tLSrizXmR6edi7yrjyAqKpYpDYkQBUjSMa3mgUg=
godiscord.foo.ng/lib v0.0.0-20250529140027-381a9995cc1e/go.mod h1:GXwIzi9ylzj9slgFD6bR2khH3+GMNm55eG9bdK1y4cE=
godiscord.foo.ng/lib v0.0.0-20250529140628-0144b7217a58 h1:NNPQp/+c5TrTLCeo7zkLVR8yw4W4nBUynWQcNCBZvQM=
godiscord.foo.ng/lib v0.0.0-20250529140628-0144b7217a58/go.mod h1:GXwIzi9ylzj9slgFD6bR2khH3+GMNm55eG9bdK1y4cE=
